
Microsoft Visual Studio Solution File, Format Version 12.00
# Visual Studio Version 17
VisualStudioVersion = 17.14.36429.23
MinimumVisualStudioVersion = 10.0.40219.1
Project("{FAE04EC0-301F-11D3-BF4B-00C04F79EFBC}") = "src", "src\src.csproj", "{19E9E171-4557-4F39-93B4-3F5CA63104F4}"
EndProject
Project("{FAE04EC0-301F-11D3-BF4B-00C04F79EFBC}") = "Harness", "Harness\Harness.csproj", "{28126878-CBA3-434F-94F9-2554A12C41A9}"
EndProject
Global
	GlobalSection(SolutionConfigurationPlatforms) = preSolution
		Debug|Any CPU = Debug|Any CPU
		Release|Any CPU = Release|Any CPU
	EndGlobalSection
	GlobalSection(ProjectConfigurationPlatforms) = postSolution
		{19E9E171-4557-4F39-93B4-3F5CA63104F4}.Debug|Any CPU.ActiveCfg = Debug|Any CPU
		{19E9E171-4557-4F39-93B4-3F5CA63104F4}.Debug|Any CPU.Build.0 = Debug|Any CPU
		{19E9E171-4557-4F39-93B4-3F5CA63104F4}.Release|Any CPU.ActiveCfg = Release|Any CPU
		{19E9E171-4557-4F39-93B4-3F5CA63104F4}.Release|Any CPU.Build.0 = Release|Any CPU
		{28126878-CBA3-434F-94F9-2554A12C41A9}.Debug|Any CPU.ActiveCfg = Debug|Any CPU
		{28126878-CBA3-434F-94F9-2554A12C41A9}.Debug|Any CPU.Build.0 = Debug|Any CPU
		{28126878-CBA3-434F-94F9-2554A12C41A9}.Release|Any CPU.ActiveCfg = Release|Any CPU
		{28126878-CBA3-434F-94F9-2554A12C41A9}.Release|Any CPU.Build.0 = Release|Any CPU
	EndGlobalSection
	GlobalSection(SolutionProperties) = preSolution
		HideSolutionNode = FALSE
	EndGlobalSection
	GlobalSection(ExtensibilityGlobals) = postSolution
		SolutionGuid = {DFE4E4FD-97A4-4C08-A7F0-BA40F0C7271C}
	EndGlobalSection
EndGlobal
